
Microsoft Visual Studio Solution File, Format Version 12.00
# Visual Studio Version 17
VisualStudioVersion = 17.14.36408.4 d17.14
MinimumVisualStudioVersion = 10.0.40219.1
Project("{FAE04EC0-301F-11D3-BF4B-00C04F79EFBC}") = "Bilheteria", "Bilheteria\Bilheteria.csproj", "{07A8D443-6B3A-4DBA-9308-870576E69E09}"
EndProject
Global
	GlobalSection(SolutionConfigurationPlatforms) = preSolution
		Debug|Any CPU = Debug|Any CPU
		Release|Any CPU = Release|Any CPU
	EndGlobalSection
	GlobalSection(ProjectConfigurationPlatforms) = postSolution
		{07A8D443-6B3A-4DBA-9308-870576E69E09}.Debug|Any CPU.ActiveCfg = Debug|Any CPU
		{07A8D443-6B3A-4DBA-9308-870576E69E09}.Debug|Any CPU.Build.0 = Debug|Any CPU
		{07A8D443-6B3A-4DBA-9308-870576E69E09}.Release|Any CPU.ActiveCfg = Release|Any CPU
		{07A8D443-6B3A-4DBA-9308-870576E69E09}.Release|Any CPU.Build.0 = Release|Any CPU
	EndGlobalSection
	GlobalSection(SolutionProperties) = preSolution
		HideSolutionNode = FALSE
	EndGlobalSection
	GlobalSection(ExtensibilityGlobals) = postSolution
		SolutionGuid = {28CE8BA1-EA74-4945-B5D6-0A091FFE1331}
	EndGlobalSection
EndGlobal
